
Microsoft Visual Studio Solution File, Format Version 12.00
# Visual Studio Version 17
VisualStudioVersion = 17.5.33502.453
MinimumVisualStudioVersion = 10.0.40219.1
Project("{9A19103F-16F7-4668-BE54-9A1E7A4F7556}") = "WpfDialogBox", "WpfDialogBox\WpfDialogBox.csproj", "{F88CA398-DEC8-45D2-880F-D334F9E20737}"
EndProject
Project("{FAE04EC0-301F-11D3-BF4B-00C04F79EFBC}") = "WpfControls", "WpfControls\WpfControls.csproj", "{3B6BF28A-4995-46FE-99A7-5609C018D88B}"
EndProject
Global
	GlobalSection(SolutionConfigurationPlatforms) = preSolution
		Debug|Any CPU = Debug|Any CPU
		Release|Any CPU = Release|Any CPU
	EndGlobalSection
	GlobalSection(ProjectConfigurationPlatforms) = postSolution
		{F88CA398-DEC8-45D2-880F-D334F9E20737}.Debug|Any CPU.ActiveCfg = Debug|Any CPU
		{F88CA398-DEC8-45D2-880F-D334F9E20737}.Debug|Any CPU.Build.0 = Debug|Any CPU
		{F88CA398-DEC8-45D2-880F-D334F9E20737}.Release|Any CPU.ActiveCfg = Release|Any CPU
		{F88CA398-DEC8-45D2-880F-D334F9E20737}.Release|Any CPU.Build.0 = Release|Any CPU
		{3B6BF28A-4995-46FE-99A7-5609C018D88B}.Debug|Any CPU.ActiveCfg = Debug|Any CPU
		{3B6BF28A-4995-46FE-99A7-5609C018D88B}.Debug|Any CPU.Build.0 = Debug|Any CPU
		{3B6BF28A-4995-46FE-99A7-5609C018D88B}.Release|Any CPU.ActiveCfg = Release|Any CPU
		{3B6BF28A-4995-46FE-99A7-5609C018D88B}.Release|Any CPU.Build.0 = Release|Any CPU
	EndGlobalSection
	GlobalSection(SolutionProperties) = preSolution
		HideSolutionNode = FALSE
	EndGlobalSection
	GlobalSection(ExtensibilityGlobals) = postSolution
		SolutionGuid = {A90C5047-EC90-4752-A100-81A15D515466}
	EndGlobalSection
EndGlobal
